
Microsoft Visual Studio Solution File, Format Version 12.00
Project("{FAE04EC0-301F-11D3-BF4B-00C04F79EFBC}") = "EvaluationDSL", "EvaluationDSL\EvaluationDSL.csproj", "{28460E1C-B2FA-4515-B7AD-134B56975AC2}"
EndProject
Project("{FAE04EC0-301F-11D3-BF4B-00C04F79EFBC}") = "Tests", "Tests\Tests.csproj", "{278A0B21-C8E2-4337-8367-22FFD602859C}"
EndProject
Project("{FAE04EC0-301F-11D3-BF4B-00C04F79EFBC}") = "ConsoleApp", "ConsoleApp\ConsoleApp.csproj", "{7F733E8C-E720-4AE7-BBE6-D6F5195A88BA}"
EndProject
Global
	GlobalSection(SolutionConfigurationPlatforms) = preSolution
		Debug|Any CPU = Debug|Any CPU
		Release|Any CPU = Release|Any CPU
	EndGlobalSection
	GlobalSection(ProjectConfigurationPlatforms) = postSolution
		{28460E1C-B2FA-4515-B7AD-134B56975AC2}.Debug|Any CPU.ActiveCfg = Debug|Any CPU
		{28460E1C-B2FA-4515-B7AD-134B56975AC2}.Debug|Any CPU.Build.0 = Debug|Any CPU
		{28460E1C-B2FA-4515-B7AD-134B56975AC2}.Release|Any CPU.ActiveCfg = Release|Any CPU
		{28460E1C-B2FA-4515-B7AD-134B56975AC2}.Release|Any CPU.Build.0 = Release|Any CPU
		{278A0B21-C8E2-4337-8367-22FFD602859C}.Debug|Any CPU.ActiveCfg = Debug|Any CPU
		{278A0B21-C8E2-4337-8367-22FFD602859C}.Debug|Any CPU.Build.0 = Debug|Any CPU
		{278A0B21-C8E2-4337-8367-22FFD602859C}.Release|Any CPU.ActiveCfg = Release|Any CPU
		{278A0B21-C8E2-4337-8367-22FFD602859C}.Release|Any CPU.Build.0 = Release|Any CPU
		{7F733E8C-E720-4AE7-BBE6-D6F5195A88BA}.Debug|Any CPU.ActiveCfg = Debug|Any CPU
		{7F733E8C-E720-4AE7-BBE6-D6F5195A88BA}.Debug|Any CPU.Build.0 = Debug|Any CPU
		{7F733E8C-E720-4AE7-BBE6-D6F5195A88BA}.Release|Any CPU.ActiveCfg = Release|Any CPU
		{7F733E8C-E720-4AE7-BBE6-D6F5195A88BA}.Release|Any CPU.Build.0 = Release|Any CPU
	EndGlobalSection
EndGlobal
